
Microsoft Visual Studio Solution File, Format Version 12.00
# Visual Studio 15
VisualStudioVersion = 15.0.26228.9
MinimumVisualStudioVersion = 10.0.40219.1
Project("{8BC9CEB8-8B4A-11D0-8D11-00A0C91BC942}") = "calibrate", "calibrate\calibrate.vcxproj", "{A60984C4-0D12-423B-AED7-EBE4AD3F1C6B}"
EndProject
Project("{8BC9CEB8-8B4A-11D0-8D11-00A0C91BC942}") = "libsurvive", "libsurvive\libsurvive.vcxproj", "{435CFD2C-8724-42EE-8FDE-71EF7D2C6B2F}"
EndProject
Project("{8BC9CEB8-8B4A-11D0-8D11-00A0C91BC942}") = "data_recorder", "data_recorder\data_recorder.vcxproj", "{265C4E2C-66CB-4954-97CA-194D69B5A673}"
EndProject
Project("{8BC9CEB8-8B4A-11D0-8D11-00A0C91BC942}") = "test", "test\test.vcxproj", "{EF083B79-F1D7-408A-9902-502B9A0639E0}"
EndProject
Project("{8BC9CEB8-8B4A-11D0-8D11-00A0C91BC942}") = "simple_pose_test", "simple_pose_test\simple_pose_test.vcxproj", "{308708B5-DDC9-49EE-BF31-C83E187AFE15}"
EndProject
Project("{8BC9CEB8-8B4A-11D0-8D11-00A0C91BC942}") = "api_example", "api_example\api_example.vcxproj", "{545316AE-4E07-49DD-A2B8-7A2DE9676EFF}"
EndProject
Global
	GlobalSection(SolutionConfigurationPlatforms) = preSolution
		Debug|x64 = Debug|x64
		Debug|x86 = Debug|x86
		Release|x64 = Release|x64
		Release|x86 = Release|x86
	EndGlobalSection
	GlobalSection(ProjectConfigurationPlatforms) = postSolution
		{A60984C4-0D12-423B-AED7-EBE4AD3F1C6B}.Debug|x64.ActiveCfg = Debug|x64
		{A60984C4-0D12-423B-AED7-EBE4AD3F1C6B}.Debug|x64.Build.0 = Debug|x64
		{A60984C4-0D12-423B-AED7-EBE4AD3F1C6B}.Debug|x86.ActiveCfg = Debug|Win32
		{A60984C4-0D12-423B-AED7-EBE4AD3F1C6B}.Debug|x86.Build.0 = Debug|Win32
		{A60984C4-0D12-423B-AED7-EBE4AD3F1C6B}.Release|x64.ActiveCfg = Release|x64
		{A60984C4-0D12-423B-AED7-EBE4AD3F1C6B}.Release|x64.Build.0 = Release|x64
		{A60984C4-0D12-423B-AED7-EBE4AD3F1C6B}.Release|x86.ActiveCfg = Release|Win32
		{A60984C4-0D12-423B-AED7-EBE4AD3F1C6B}.Release|x86.Build.0 = Release|Win32
		{435CFD2C-8724-42EE-8FDE-71EF7D2C6B2F}.Debug|x64.ActiveCfg = Debug|x64
		{435CFD2C-8724-42EE-8FDE-71EF7D2C6B2F}.Debug|x64.Build.0 = Debug|x64
		{435CFD2C-8724-42EE-8FDE-71EF7D2C6B2F}.Debug|x86.ActiveCfg = Debug|Win32
		{435CFD2C-8724-42EE-8FDE-71EF7D2C6B2F}.Debug|x86.Build.0 = Debug|Win32
		{435CFD2C-8724-42EE-8FDE-71EF7D2C6B2F}.Release|x64.ActiveCfg = Release|x64
		{435CFD2C-8724-42EE-8FDE-71EF7D2C6B2F}.Release|x64.Build.0 = Release|x64
		{435CFD2C-8724-42EE-8FDE-71EF7D2C6B2F}.Release|x86.ActiveCfg = Release|Win32
		{435CFD2C-8724-42EE-8FDE-71EF7D2C6B2F}.Release|x86.Build.0 = Release|Win32
		{265C4E2C-66CB-4954-97CA-194D69B5A673}.Debug|x64.ActiveCfg = Debug|x64
		{265C4E2C-66CB-4954-97CA-194D69B5A673}.Debug|x64.Build.0 = Debug|x64
		{265C4E2C-66CB-4954-97CA-194D69B5A673}.Debug|x86.ActiveCfg = Debug|Win32
		{265C4E2C-66CB-4954-97CA-194D69B5A673}.Debug|x86.Build.0 = Debug|Win32
		{265C4E2C-66CB-4954-97CA-194D69B5A673}.Release|x64.ActiveCfg = Release|x64
		{265C4E2C-66CB-4954-97CA-194D69B5A673}.Release|x64.Build.0 = Release|x64
		{265C4E2C-66CB-4954-97CA-194D69B5A673}.Release|x86.ActiveCfg = Release|Win32
		{265C4E2C-66CB-4954-97CA-194D69B5A673}.Release|x86.Build.0 = Release|Win32
		{EF083B79-F1D7-408A-9902-502B9A0639E0}.Debug|x64.ActiveCfg = Debug|x64
		{EF083B79-F1D7-408A-9902-502B9A0639E0}.Debug|x64.Build.0 = Debug|x64
		{EF083B79-F1D7-408A-9902-502B9A0639E0}.Debug|x86.ActiveCfg = Debug|Win32
		{EF083B79-F1D7-408A-9902-502B9A0639E0}.Debug|x86.Build.0 = Debug|Win32
		{EF083B79-F1D7-408A-9902-502B9A0639E0}.Release|x64.ActiveCfg = Release|x64
		{EF083B79-F1D7-408A-9902-502B9A0639E0}.Release|x64.Build.0 = Release|x64
		{EF083B79-F1D7-408A-9902-502B9A0639E0}.Release|x86.ActiveCfg = Release|Win32
		{EF083B79-F1D7-408A-9902-502B9A0639E0}.Release|x86.Build.0 = Release|Win32
		{308708B5-DDC9-49EE-BF31-C83E187AFE15}.Debug|x64.ActiveCfg = Debug|x64
		{308708B5-DDC9-49EE-BF31-C83E187AFE15}.Debug|x64.Build.0 = Debug|x64
		{308708B5-DDC9-49EE-BF31-C83E187AFE15}.Debug|x86.ActiveCfg = Debug|Win32
		{308708B5-DDC9-49EE-BF31-C83E187AFE15}.Debug|x86.Build.0 = Debug|Win32
		{308708B5-DDC9-49EE-BF31-C83E187AFE15}.Release|x64.ActiveCfg = Release|x64
		{308708B5-DDC9-49EE-BF31-C83E187AFE15}.Release|x64.Build.0 = Release|x64
		{308708B5-DDC9-49EE-BF31-C83E187AFE15}.Release|x86.ActiveCfg = Release|Win32
		{308708B5-DDC9-49EE-BF31-C83E187AFE15}.Release|x86.Build.0 = Release|Win32
		{545316AE-4E07-49DD-A2B8-7A2DE9676EFF}.Debug|x64.ActiveCfg = Debug|x64
		{545316AE-4E07-49DD-A2B8-7A2DE9676EFF}.Debug|x64.Build.0 = Debug|x64
		{545316AE-4E07-49DD-A2B8-7A2DE9676EFF}.Debug|x86.ActiveCfg = Debug|Win32
		{545316AE-4E07-49DD-A2B8-7A2DE9676EFF}.Debug|x86.Build.0 = Debug|Win32
		{545316AE-4E07-49DD-A2B8-7A2DE9676EFF}.Release|x64.ActiveCfg = Release|x64
		{545316AE-4E07-49DD-A2B8-7A2DE9676EFF}.Release|x64.Build.0 = Release|x64
		{545316AE-4E07-49DD-A2B8-7A2DE9676EFF}.Release|x86.ActiveCfg = Release|Win32
		{545316AE-4E07-49DD-A2B8-7A2DE9676EFF}.Release|x86.Build.0 = Release|Win32
	EndGlobalSection
	GlobalSection(SolutionProperties) = preSolution
		HideSolutionNode = FALSE
	EndGlobalSection
	GlobalSection(ExtensibilityGlobals) = postSolution
		SolutionGuid = {EA7B8D68-188A-4190-B011-8A7F4EC52C38}
	EndGlobalSection
EndGlobal
