
Microsoft Visual Studio Solution File, Format Version 12.00
# Visual Studio 15
VisualStudioVersion = 15.0.27428.2015
MinimumVisualStudioVersion = 10.0.40219.1
Project("{FAE04EC0-301F-11D3-BF4B-00C04F79EFBC}") = "LibSurviveBinding", "LibSurviveBinding\LibSurviveBinding.csproj", "{3DEFC8F7-C61E-4BC2-B743-E39453C6BA10}"
EndProject
Global
	GlobalSection(SolutionConfigurationPlatforms) = preSolution
		Debug|Any CPU = Debug|Any CPU
		Release|Any CPU = Release|Any CPU
	EndGlobalSection
	GlobalSection(ProjectConfigurationPlatforms) = postSolution
		{3DEFC8F7-C61E-4BC2-B743-E39453C6BA10}.Debug|Any CPU.ActiveCfg = Debug|Any CPU
		{3DEFC8F7-C61E-4BC2-B743-E39453C6BA10}.Debug|Any CPU.Build.0 = Debug|Any CPU
		{3DEFC8F7-C61E-4BC2-B743-E39453C6BA10}.Release|Any CPU.ActiveCfg = Release|Any CPU
		{3DEFC8F7-C61E-4BC2-B743-E39453C6BA10}.Release|Any CPU.Build.0 = Release|Any CPU
	EndGlobalSection
	GlobalSection(SolutionProperties) = preSolution
		HideSolutionNode = FALSE
	EndGlobalSection
	GlobalSection(ExtensibilityGlobals) = postSolution
		SolutionGuid = {CA47A8D6-3379-4ABA-927E-86BBDDE1D304}
	EndGlobalSection
EndGlobal
