
Microsoft Visual Studio Solution File, Format Version 12.00
# Visual Studio Version 16
VisualStudioVersion = 16.0.29911.84
MinimumVisualStudioVersion = 15.0.26124.0
Project("{9A19103F-16F7-4668-BE54-9A1E7A4F7556}") = "libsurvive.net", "libsurvive.net\libsurvive.net.csproj", "{EF963623-9F00-40BC-8FC7-1BA5015070A5}"
EndProject
Project("{9A19103F-16F7-4668-BE54-9A1E7A4F7556}") = "Demo", "Demo\Demo.csproj", "{D1ADFCE0-613D-4BD7-B28A-9DB0259F9633}"
EndProject
Global
	GlobalSection(SolutionConfigurationPlatforms) = preSolution
		Debug|Any CPU = Debug|Any CPU
		Debug|x64 = Debug|x64
		Debug|x86 = Debug|x86
		Release|Any CPU = Release|Any CPU
		Release|x64 = Release|x64
		Release|x86 = Release|x86
	EndGlobalSection
	GlobalSection(ProjectConfigurationPlatforms) = postSolution
		{EF963623-9F00-40BC-8FC7-1BA5015070A5}.Debug|Any CPU.ActiveCfg = Debug|Any CPU
		{EF963623-9F00-40BC-8FC7-1BA5015070A5}.Debug|Any CPU.Build.0 = Debug|Any CPU
		{EF963623-9F00-40BC-8FC7-1BA5015070A5}.Debug|x64.ActiveCfg = Debug|x64
		{EF963623-9F00-40BC-8FC7-1BA5015070A5}.Debug|x64.Build.0 = Debug|x64
		{EF963623-9F00-40BC-8FC7-1BA5015070A5}.Debug|x86.ActiveCfg = Debug|x86
		{EF963623-9F00-40BC-8FC7-1BA5015070A5}.Debug|x86.Build.0 = Debug|x86
		{EF963623-9F00-40BC-8FC7-1BA5015070A5}.Release|Any CPU.ActiveCfg = Release|Any CPU
		{EF963623-9F00-40BC-8FC7-1BA5015070A5}.Release|Any CPU.Build.0 = Release|Any CPU
		{EF963623-9F00-40BC-8FC7-1BA5015070A5}.Release|x64.ActiveCfg = Release|x64
		{EF963623-9F00-40BC-8FC7-1BA5015070A5}.Release|x64.Build.0 = Release|x64
		{EF963623-9F00-40BC-8FC7-1BA5015070A5}.Release|x86.ActiveCfg = Release|x64
		{D1ADFCE0-613D-4BD7-B28A-9DB0259F9633}.Debug|Any CPU.ActiveCfg = Debug|Any CPU
		{D1ADFCE0-613D-4BD7-B28A-9DB0259F9633}.Debug|Any CPU.Build.0 = Debug|Any CPU
		{D1ADFCE0-613D-4BD7-B28A-9DB0259F9633}.Debug|x64.ActiveCfg = Debug|x64
		{D1ADFCE0-613D-4BD7-B28A-9DB0259F9633}.Debug|x64.Build.0 = Debug|x64
		{D1ADFCE0-613D-4BD7-B28A-9DB0259F9633}.Debug|x86.ActiveCfg = Debug|x86
		{D1ADFCE0-613D-4BD7-B28A-9DB0259F9633}.Debug|x86.Build.0 = Debug|x86
		{D1ADFCE0-613D-4BD7-B28A-9DB0259F9633}.Release|Any CPU.ActiveCfg = Release|Any CPU
		{D1ADFCE0-613D-4BD7-B28A-9DB0259F9633}.Release|Any CPU.Build.0 = Release|Any CPU
		{D1ADFCE0-613D-4BD7-B28A-9DB0259F9633}.Release|x64.ActiveCfg = Release|x64
		{D1ADFCE0-613D-4BD7-B28A-9DB0259F9633}.Release|x64.Build.0 = Release|x64
		{D1ADFCE0-613D-4BD7-B28A-9DB0259F9633}.Release|x86.ActiveCfg = Release|x64
	EndGlobalSection
	GlobalSection(SolutionProperties) = preSolution
		HideSolutionNode = FALSE
	EndGlobalSection
	GlobalSection(ExtensibilityGlobals) = postSolution
		SolutionGuid = {584E2245-F1C4-4645-BB2C-A370816748E8}
	EndGlobalSection
EndGlobal
